
Microsoft Visual Studio Solution File, Format Version 12.00
# Visual Studio 15
VisualStudioVersion = 15.0.27703.2035
MinimumVisualStudioVersion = 10.0.40219.1
Project("{FAE04EC0-301F-11D3-BF4B-00C04F79EFBC}") = "BotRestarter", "BotRestarter\BotRestarter.csproj", "{609FB657-CBB1-4035-BFD3-A77848876E41}"
EndProject
Global
	GlobalSection(SolutionConfigurationPlatforms) = preSolution
		Debug|Any CPU = Debug|Any CPU
		Release|Any CPU = Release|Any CPU
	EndGlobalSection
	GlobalSection(ProjectConfigurationPlatforms) = postSolution
		{609FB657-CBB1-4035-BFD3-A77848876E41}.Debug|Any CPU.ActiveCfg = Debug|Any CPU
		{609FB657-CBB1-4035-BFD3-A77848876E41}.Debug|Any CPU.Build.0 = Debug|Any CPU
		{609FB657-CBB1-4035-BFD3-A77848876E41}.Release|Any CPU.ActiveCfg = Release|Any CPU
		{609FB657-CBB1-4035-BFD3-A77848876E41}.Release|Any CPU.Build.0 = Release|Any CPU
	EndGlobalSection
	GlobalSection(SolutionProperties) = preSolution
		HideSolutionNode = FALSE
	EndGlobalSection
	GlobalSection(ExtensibilityGlobals) = postSolution
		SolutionGuid = {4F26CBC4-2F7F-4540-9EE1-4798A4F39661}
	EndGlobalSection
EndGlobal
