
Microsoft Visual Studio Solution File, Format Version 12.00
# Visual Studio 15
VisualStudioVersion = 15.0.28307.271
MinimumVisualStudioVersion = 10.0.40219.1
Project("{9A19103F-16F7-4668-BE54-9A1E7A4F7556}") = "BotRestarter", "BotRestarter\BotRestarter.csproj", "{47144F77-BF3C-4803-B058-36595FC8F7EB}"
EndProject
Project("{FAE04EC0-301F-11D3-BF4B-00C04F79EFBC}") = "BotRestarter.Logger", "BotRestarter.Logger\BotRestarter.Logger.csproj", "{2D8E22FD-6FD2-47A9-A943-FB50D6B8F5EF}"
EndProject
Project("{FAE04EC0-301F-11D3-BF4B-00C04F79EFBC}") = "BotRestarter.Logger.Interfaces", "BotRestarter.Logger.Interfaces\BotRestarter.Logger.Interfaces.csproj", "{EB03D873-D0BD-4B38-9BC5-847AEE398425}"
EndProject
Project("{FAE04EC0-301F-11D3-BF4B-00C04F79EFBC}") = "BotRestarter.Interfaces", "BotRestarter.Interfaces\BotRestarter.Interfaces.csproj", "{390D73FC-8AE3-487A-930C-446ED66EBB08}"
EndProject
Global
	GlobalSection(SolutionConfigurationPlatforms) = preSolution
		Debug|Any CPU = Debug|Any CPU
		Release|Any CPU = Release|Any CPU
	EndGlobalSection
	GlobalSection(ProjectConfigurationPlatforms) = postSolution
		{47144F77-BF3C-4803-B058-36595FC8F7EB}.Debug|Any CPU.ActiveCfg = Debug|Any CPU
		{47144F77-BF3C-4803-B058-36595FC8F7EB}.Debug|Any CPU.Build.0 = Debug|Any CPU
		{47144F77-BF3C-4803-B058-36595FC8F7EB}.Release|Any CPU.ActiveCfg = Release|Any CPU
		{47144F77-BF3C-4803-B058-36595FC8F7EB}.Release|Any CPU.Build.0 = Release|Any CPU
		{2D8E22FD-6FD2-47A9-A943-FB50D6B8F5EF}.Debug|Any CPU.ActiveCfg = Debug|Any CPU
		{2D8E22FD-6FD2-47A9-A943-FB50D6B8F5EF}.Debug|Any CPU.Build.0 = Debug|Any CPU
		{2D8E22FD-6FD2-47A9-A943-FB50D6B8F5EF}.Release|Any CPU.ActiveCfg = Release|Any CPU
		{2D8E22FD-6FD2-47A9-A943-FB50D6B8F5EF}.Release|Any CPU.Build.0 = Release|Any CPU
		{EB03D873-D0BD-4B38-9BC5-847AEE398425}.Debug|Any CPU.ActiveCfg = Debug|Any CPU
		{EB03D873-D0BD-4B38-9BC5-847AEE398425}.Debug|Any CPU.Build.0 = Debug|Any CPU
		{EB03D873-D0BD-4B38-9BC5-847AEE398425}.Release|Any CPU.ActiveCfg = Release|Any CPU
		{EB03D873-D0BD-4B38-9BC5-847AEE398425}.Release|Any CPU.Build.0 = Release|Any CPU
		{390D73FC-8AE3-487A-930C-446ED66EBB08}.Debug|Any CPU.ActiveCfg = Debug|Any CPU
		{390D73FC-8AE3-487A-930C-446ED66EBB08}.Debug|Any CPU.Build.0 = Debug|Any CPU
		{390D73FC-8AE3-487A-930C-446ED66EBB08}.Release|Any CPU.ActiveCfg = Release|Any CPU
		{390D73FC-8AE3-487A-930C-446ED66EBB08}.Release|Any CPU.Build.0 = Release|Any CPU
	EndGlobalSection
	GlobalSection(SolutionProperties) = preSolution
		HideSolutionNode = FALSE
	EndGlobalSection
	GlobalSection(ExtensibilityGlobals) = postSolution
		SolutionGuid = {1B5640BC-CCD1-4561-B7EC-83EF5E5548CC}
	EndGlobalSection
EndGlobal
